// !$*UTF8*$!
{
	archiveVersion = 1;
	classes = {
	};
	objectVersion = 56;
	objects = {

/* Begin PBXBuildFile section */
		1D413C9B293F8D6C005FB7AD /* Constraints.swift in Sources */ = {isa = PBXBuildFile; fileRef = 1D413C9A293F8D6C005FB7AD /* Constraints.swift */; };
		1D413C9D293F8E64005FB7AD /* Hierarchy.swift in Sources */ = {isa = PBXBuildFile; fileRef = 1D413C9C293F8E64005FB7AD /* Hierarchy.swift */; };
		1D413CA0293F8F21005FB7AD /* RemoveLast.swift in Sources */ = {isa = PBXBuildFile; fileRef = 1D413C9F293F8F21005FB7AD /* RemoveLast.swift */; };
		1D413CA3293F8FE8005FB7AD /* Setup.swift in Sources */ = {isa = PBXBuildFile; fileRef = 1D413CA2293F8FE8005FB7AD /* Setup.swift */; };
		1D413CA6293F9059005FB7AD /* Create.swift in Sources */ = {isa = PBXBuildFile; fileRef = 1D413CA5293F9059005FB7AD /* Create.swift */; };
		1D413CA8293F906D005FB7AD /* NavigationController.swift in Sources */ = {isa = PBXBuildFile; fileRef = 1D413CA7293F906D005FB7AD /* NavigationController.swift */; };
		1D413CAA293F90AA005FB7AD /* Label.swift in Sources */ = {isa = PBXBuildFile; fileRef = 1D413CA9293F90AA005FB7AD /* Label.swift */; };
		1D413CAD293F9614005FB7AD /* CollectionView.swift in Sources */ = {isa = PBXBuildFile; fileRef = 1D413CAC293F9614005FB7AD /* CollectionView.swift */; };
		1D413CAF293F9914005FB7AD /* MainMenuCollectionViewCell.swift in Sources */ = {isa = PBXBuildFile; fileRef = 1D413CAE293F9914005FB7AD /* MainMenuCollectionViewCell.swift */; };
		1D413CB2293F9D86005FB7AD /* Network.swift in Sources */ = {isa = PBXBuildFile; fileRef = 1D413CB1293F9D86005FB7AD /* Network.swift */; };
		1D413CB4293F9D94005FB7AD /* EndPoints.swift in Sources */ = {isa = PBXBuildFile; fileRef = 1D413CB3293F9D94005FB7AD /* EndPoints.swift */; };
		1D413CB6293F9DDB005FB7AD /* Ways.geojson in Resources */ = {isa = PBXBuildFile; fileRef = 1D413CB5293F9DDB005FB7AD /* Ways.geojson */; };
		1D413CB9293F9E40005FB7AD /* Way.swift in Sources */ = {isa = PBXBuildFile; fileRef = 1D413CB8293F9E40005FB7AD /* Way.swift */; };
		1D413CBB293F9F60005FB7AD /* ImageView.swift in Sources */ = {isa = PBXBuildFile; fileRef = 1D413CBA293F9F60005FB7AD /* ImageView.swift */; };
		1DB6E1E0293F5FA90044E241 /* AppDelegate.swift in Sources */ = {isa = PBXBuildFile; fileRef = 1DB6E1DF293F5FA90044E241 /* AppDelegate.swift */; };
		1DB6E1E2293F5FA90044E241 /* SceneDelegate.swift in Sources */ = {isa = PBXBuildFile; fileRef = 1DB6E1E1293F5FA90044E241 /* SceneDelegate.swift */; };
		1DB6E1E4293F5FA90044E241 /* MainMenuViewController.swift in Sources */ = {isa = PBXBuildFile; fileRef = 1DB6E1E3293F5FA90044E241 /* MainMenuViewController.swift */; };
		1DB6E1E9293F5FAB0044E241 /* Assets.xcassets in Resources */ = {isa = PBXBuildFile; fileRef = 1DB6E1E8293F5FAB0044E241 /* Assets.xcassets */; };
		1DB6E1EC293F5FAB0044E241 /* LaunchScreen.storyboard in Resources */ = {isa = PBXBuildFile; fileRef = 1DB6E1EA293F5FAB0044E241 /* LaunchScreen.storyboard */; };
		1DB6E1F7293F5FAC0044E241 /* AudiotecaAudioBooksTests.swift in Sources */ = {isa = PBXBuildFile; fileRef = 1DB6E1F6293F5FAC0044E241 /* AudiotecaAudioBooksTests.swift */; };
		1DB6E201293F5FAC0044E241 /* AudiotecaAudioBooksUITests.swift in Sources */ = {isa = PBXBuildFile; fileRef = 1DB6E200293F5FAC0044E241 /* AudiotecaAudioBooksUITests.swift */; };
		1DB6E203293F5FAC0044E241 /* AudiotecaAudioBooksUITestsLaunchTests.swift in Sources */ = {isa = PBXBuildFile; fileRef = 1DB6E202293F5FAC0044E241 /* AudiotecaAudioBooksUITestsLaunchTests.swift */; };
/* End PBXBuildFile section */

/* Begin PBXContainerItemProxy section */
		1DB6E1F3293F5FAC0044E241 /* PBXContainerItemProxy */ = {
			isa = PBXContainerItemProxy;
			containerPortal = 1DB6E1D4293F5FA90044E241 /* Project object */;
			proxyType = 1;
			remoteGlobalIDString = 1DB6E1DB293F5FA90044E241;
			remoteInfo = AudiotecaAudioBooks;
		};
		1DB6E1FD293F5FAC0044E241 /* PBXContainerItemProxy */ = {
			isa = PBXContainerItemProxy;
			containerPortal = 1DB6E1D4293F5FA90044E241 /* Project object */;
			proxyType = 1;
			remoteGlobalIDString = 1DB6E1DB293F5FA90044E241;
			remoteInfo = AudiotecaAudioBooks;
		};
/* End PBXContainerItemProxy section */

/* Begin PBXFileReference section */
		1D413C9A293F8D6C005FB7AD /* Constraints.swift */ = {isa = PBXFileReference; lastKnownFileType = sourcecode.swift; path = Constraints.swift; sourceTree = "<group>"; };
		1D413C9C293F8E64005FB7AD /* Hierarchy.swift */ = {isa = PBXFileReference; lastKnownFileType = sourcecode.swift; path = Hierarchy.swift; sourceTree = "<group>"; };
		1D413C9F293F8F21005FB7AD /* RemoveLast.swift */ = {isa = PBXFileReference; lastKnownFileType = sourcecode.swift; path = RemoveLast.swift; sourceTree = "<group>"; };
		1D413CA2293F8FE8005FB7AD /* Setup.swift */ = {isa = PBXFileReference; lastKnownFileType = sourcecode.swift; path = Setup.swift; sourceTree = "<group>"; };
		1D413CA5293F9059005FB7AD /* Create.swift */ = {isa = PBXFileReference; lastKnownFileType = sourcecode.swift; path = Create.swift; sourceTree = "<group>"; };
		1D413CA7293F906D005FB7AD /* NavigationController.swift */ = {isa = PBXFileReference; lastKnownFileType = sourcecode.swift; path = NavigationController.swift; sourceTree = "<group>"; };
		1D413CA9293F90AA005FB7AD /* Label.swift */ = {isa = PBXFileReference; lastKnownFileType = sourcecode.swift; path = Label.swift; sourceTree = "<group>"; };
		1D413CAC293F9614005FB7AD /* CollectionView.swift */ = {isa = PBXFileReference; lastKnownFileType = sourcecode.swift; path = CollectionView.swift; sourceTree = "<group>"; };
		1D413CAE293F9914005FB7AD /* MainMenuCollectionViewCell.swift */ = {isa = PBXFileReference; lastKnownFileType = sourcecode.swift; path = MainMenuCollectionViewCell.swift; sourceTree = "<group>"; };
		1D413CB1293F9D86005FB7AD /* Network.swift */ = {isa = PBXFileReference; lastKnownFileType = sourcecode.swift; path = Network.swift; sourceTree = "<group>"; };
		1D413CB3293F9D94005FB7AD /* EndPoints.swift */ = {isa = PBXFileReference; lastKnownFileType = sourcecode.swift; path = EndPoints.swift; sourceTree = "<group>"; };
		1D413CB5293F9DDB005FB7AD /* Ways.geojson */ = {isa = PBXFileReference; lastKnownFileType = text; path = Ways.geojson; sourceTree = "<group>"; };
		1D413CB8293F9E40005FB7AD /* Way.swift */ = {isa = PBXFileReference; lastKnownFileType = sourcecode.swift; path = Way.swift; sourceTree = "<group>"; };
		1D413CBA293F9F60005FB7AD /* ImageView.swift */ = {isa = PBXFileReference; lastKnownFileType = sourcecode.swift; path = ImageView.swift; sourceTree = "<group>"; };
		1DB6E1DC293F5FA90044E241 /* AudiotecaAudioBooks.app */ = {isa = PBXFileReference; explicitFileType = wrapper.application; includeInIndex = 0; path = AudiotecaAudioBooks.app; sourceTree = BUILT_PRODUCTS_DIR; };
		1DB6E1DF293F5FA90044E241 /* AppDelegate.swift */ = {isa = PBXFileReference; lastKnownFileType = sourcecode.swift; path = AppDelegate.swift; sourceTree = "<group>"; };
		1DB6E1E1293F5FA90044E241 /* SceneDelegate.swift */ = {isa = PBXFileReference; lastKnownFileType = sourcecode.swift; path = SceneDelegate.swift; sourceTree = "<group>"; };
		1DB6E1E3293F5FA90044E241 /* MainMenuViewController.swift */ = {isa = PBXFileReference; lastKnownFileType = sourcecode.swift; path = MainMenuViewController.swift; sourceTree = "<group>"; };
		1DB6E1E8293F5FAB0044E241 /* Assets.xcassets */ = {isa = PBXFileReference; lastKnownFileType = folder.assetcatalog; path = Assets.xcassets; sourceTree = "<group>"; };
		1DB6E1EB293F5FAB0044E241 /* Base */ = {isa = PBXFileReference; lastKnownFileType = file.storyboard; name = Base; path = Base.lproj/LaunchScreen.storyboard; sourceTree = "<group>"; };
		1DB6E1ED293F5FAB0044E241 /* Info.plist */ = {isa = PBXFileReference; lastKnownFileType = text.plist.xml; path = Info.plist; sourceTree = "<group>"; };
		1DB6E1F2293F5FAC0044E241 /* AudiotecaAudioBooksTests.xctest */ = {isa = PBXFileReference; explicitFileType = wrapper.cfbundle; includeInIndex = 0; path = AudiotecaAudioBooksTests.xctest; sourceTree = BUILT_PRODUCTS_DIR; };
		1DB6E1F6293F5FAC0044E241 /* AudiotecaAudioBooksTests.swift */ = {isa = PBXFileReference; lastKnownFileType = sourcecode.swift; path = AudiotecaAudioBooksTests.swift; sourceTree = "<group>"; };
		1DB6E1FC293F5FAC0044E241 /* AudiotecaAudioBooksUITests.xctest */ = {isa = PBXFileReference; explicitFileType = wrapper.cfbundle; includeInIndex = 0; path = AudiotecaAudioBooksUITests.xctest; sourceTree = BUILT_PRODUCTS_DIR; };
		1DB6E200293F5FAC0044E241 /* AudiotecaAudioBooksUITests.swift */ = {isa = PBXFileReference; lastKnownFileType = sourcecode.swift; path = AudiotecaAudioBooksUITests.swift; sourceTree = "<group>"; };
		1DB6E202293F5FAC0044E241 /* AudiotecaAudioBooksUITestsLaunchTests.swift */ = {isa = PBXFileReference; lastKnownFileType = sourcecode.swift; path = AudiotecaAudioBooksUITestsLaunchTests.swift; sourceTree = "<group>"; };
/* End PBXFileReference section */

/* Begin PBXFrameworksBuildPhase section */
		1DB6E1D9293F5FA90044E241 /* Frameworks */ = {
			isa = PBXFrameworksBuildPhase;
			buildActionMask = 2147483647;
			files = (
			);
			runOnlyForDeploymentPostprocessing = 0;
		};
		1DB6E1EF293F5FAC0044E241 /* Frameworks */ = {
			isa = PBXFrameworksBuildPhase;
			buildActionMask = 2147483647;
			files = (
			);
			runOnlyForDeploymentPostprocessing = 0;
		};
		1DB6E1F9293F5FAC0044E241 /* Frameworks */ = {
			isa = PBXFrameworksBuildPhase;
			buildActionMask = 2147483647;
			files = (
			);
			runOnlyForDeploymentPostprocessing = 0;
		};
/* End PBXFrameworksBuildPhase section */

/* Begin PBXGroup section */
		1D413C93293F8CBB005FB7AD /* AppFront */ = {
			isa = PBXGroup;
			children = (
				1DB6E1E3293F5FA90044E241 /* MainMenuViewController.swift */,
				1D413CAE293F9914005FB7AD /* MainMenuCollectionViewCell.swift */,
			);
			path = AppFront;
			sourceTree = "<group>";
		};
		1D413C94293F8CC1005FB7AD /* AppDelegate */ = {
			isa = PBXGroup;
			children = (
				1DB6E1DF293F5FA90044E241 /* AppDelegate.swift */,
				1DB6E1E1293F5FA90044E241 /* SceneDelegate.swift */,
			);
			path = AppDelegate;
			sourceTree = "<group>";
		};
		1D413C95293F8CC6005FB7AD /* AppUtils */ = {
			isa = PBXGroup;
			children = (
				1D413CB0293F9D79005FB7AD /* Network */,
				1D413CAB293F9608005FB7AD /* Objects */,
				1D413CA4293F904E005FB7AD /* Create */,
				1D413CA1293F8FDB005FB7AD /* Setup */,
				1D413C97293F8D54005FB7AD /* Extensions */,
				1D413C96293F8D28005FB7AD /* Assets */,
			);
			path = AppUtils;
			sourceTree = "<group>";
		};
		1D413C96293F8D28005FB7AD /* Assets */ = {
			isa = PBXGroup;
			children = (
				1DB6E1E8293F5FAB0044E241 /* Assets.xcassets */,
			);
			path = Assets;
			sourceTree = "<group>";
		};
		1D413C97293F8D54005FB7AD /* Extensions */ = {
			isa = PBXGroup;
			children = (
				1D413C9E293F8F11005FB7AD /* String */,
				1D413C98293F8D59005FB7AD /* UIView */,
			);
			path = Extensions;
			sourceTree = "<group>";
		};
		1D413C98293F8D59005FB7AD /* UIView */ = {
			isa = PBXGroup;
			children = (
				1D413C9A293F8D6C005FB7AD /* Constraints.swift */,
				1D413C9C293F8E64005FB7AD /* Hierarchy.swift */,
			);
			path = UIView;
			sourceTree = "<group>";
		};
		1D413C9E293F8F11005FB7AD /* String */ = {
			isa = PBXGroup;
			children = (
				1D413C9F293F8F21005FB7AD /* RemoveLast.swift */,
			);
			path = String;
			sourceTree = "<group>";
		};
		1D413CA1293F8FDB005FB7AD /* Setup */ = {
			isa = PBXGroup;
			children = (
				1D413CA2293F8FE8005FB7AD /* Setup.swift */,
			);
			path = Setup;
			sourceTree = "<group>";
		};
		1D413CA4293F904E005FB7AD /* Create */ = {
			isa = PBXGroup;
			children = (
				1D413CA5293F9059005FB7AD /* Create.swift */,
				1D413CA7293F906D005FB7AD /* NavigationController.swift */,
				1D413CA9293F90AA005FB7AD /* Label.swift */,
				1D413CBA293F9F60005FB7AD /* ImageView.swift */,
			);
			path = Create;
			sourceTree = "<group>";
		};
		1D413CAB293F9608005FB7AD /* Objects */ = {
			isa = PBXGroup;
			children = (
				1D413CAC293F9614005FB7AD /* CollectionView.swift */,
			);
			path = Objects;
			sourceTree = "<group>";
		};
		1D413CB0293F9D79005FB7AD /* Network */ = {
			isa = PBXGroup;
			children = (
				1D413CB7293F9E2E005FB7AD /* Models */,
				1D413CB1293F9D86005FB7AD /* Network.swift */,
				1D413CB3293F9D94005FB7AD /* EndPoints.swift */,
			);
			path = Network;
			sourceTree = "<group>";
		};
		1D413CB7293F9E2E005FB7AD /* Models */ = {
			isa = PBXGroup;
			children = (
				1D413CB8293F9E40005FB7AD /* Way.swift */,
			);
			path = Models;
			sourceTree = "<group>";
		};
		1DB6E1D3293F5FA90044E241 = {
			isa = PBXGroup;
			children = (
				1DB6E1DE293F5FA90044E241 /* AudiotecaAudioBooks */,
				1DB6E1F5293F5FAC0044E241 /* AudiotecaAudioBooksTests */,
				1DB6E1FF293F5FAC0044E241 /* AudiotecaAudioBooksUITests */,
				1DB6E1DD293F5FA90044E241 /* Products */,
			);
			sourceTree = "<group>";
		};
		1DB6E1DD293F5FA90044E241 /* Products */ = {
			isa = PBXGroup;
			children = (
				1DB6E1DC293F5FA90044E241 /* AudiotecaAudioBooks.app */,
				1DB6E1F2293F5FAC0044E241 /* AudiotecaAudioBooksTests.xctest */,
				1DB6E1FC293F5FAC0044E241 /* AudiotecaAudioBooksUITests.xctest */,
			);
			name = Products;
			sourceTree = "<group>";
		};
		1DB6E1DE293F5FA90044E241 /* AudiotecaAudioBooks */ = {
			isa = PBXGroup;
			children = (
				1D413C95293F8CC6005FB7AD /* AppUtils */,
				1D413C94293F8CC1005FB7AD /* AppDelegate */,
				1D413C93293F8CBB005FB7AD /* AppFront */,
				1DB6E1EA293F5FAB0044E241 /* LaunchScreen.storyboard */,
				1D413CB5293F9DDB005FB7AD /* Ways.geojson */,
				1DB6E1ED293F5FAB0044E241 /* Info.plist */,
			);
			path = AudiotecaAudioBooks;
			sourceTree = "<group>";
		};
		1DB6E1F5293F5FAC0044E241 /* AudiotecaAudioBooksTests */ = {
			isa = PBXGroup;
			children = (
				1DB6E1F6293F5FAC0044E241 /* AudiotecaAudioBooksTests.swift */,
			);
			path = AudiotecaAudioBooksTests;
			sourceTree = "<group>";
		};
		1DB6E1FF293F5FAC0044E241 /* AudiotecaAudioBooksUITests */ = {
			isa = PBXGroup;
			children = (
				1DB6E200293F5FAC0044E241 /* AudiotecaAudioBooksUITests.swift */,
				1DB6E202293F5FAC0044E241 /* AudiotecaAudioBooksUITestsLaunchTests.swift */,
			);
			path = AudiotecaAudioBooksUITests;
			sourceTree = "<group>";
		};
/* End PBXGroup section */

/* Begin PBXNativeTarget section */
		1DB6E1DB293F5FA90044E241 /* AudiotecaAudioBooks */ = {
			isa = PBXNativeTarget;
			buildConfigurationList = 1DB6E206293F5FAC0044E241 /* Build configuration list for PBXNativeTarget "AudiotecaAudioBooks" */;
			buildPhases = (
				1DB6E1D8293F5FA90044E241 /* Sources */,
				1DB6E1D9293F5FA90044E241 /* Frameworks */,
				1DB6E1DA293F5FA90044E241 /* Resources */,
			);
			buildRules = (
			);
			dependencies = (
			);
			name = AudiotecaAudioBooks;
			productName = AudiotecaAudioBooks;
			productReference = 1DB6E1DC293F5FA90044E241 /* AudiotecaAudioBooks.app */;
			productType = "com.apple.product-type.application";
		};
		1DB6E1F1293F5FAC0044E241 /* AudiotecaAudioBooksTests */ = {
			isa = PBXNativeTarget;
			buildConfigurationList = 1DB6E209293F5FAC0044E241 /* Build configuration list for PBXNativeTarget "AudiotecaAudioBooksTests" */;
			buildPhases = (
				1DB6E1EE293F5FAC0044E241 /* Sources */,
				1DB6E1EF293F5FAC0044E241 /* Frameworks */,
				1DB6E1F0293F5FAC0044E241 /* Resources */,
			);
			buildRules = (
			);
			dependencies = (
				1DB6E1F4293F5FAC0044E241 /* PBXTargetDependency */,
			);
			name = AudiotecaAudioBooksTests;
			productName = AudiotecaAudioBooksTests;
			productReference = 1DB6E1F2293F5FAC0044E241 /* AudiotecaAudioBooksTests.xctest */;
			productType = "com.apple.product-type.bundle.unit-test";
		};
		1DB6E1FB293F5FAC0044E241 /* AudiotecaAudioBooksUITests */ = {
			isa = PBXNativeTarget;
			buildConfigurationList = 1DB6E20C293F5FAC0044E241 /* Build configuration list for PBXNativeTarget "AudiotecaAudioBooksUITests" */;
			buildPhases = (
				1DB6E1F8293F5FAC0044E241 /* Sources */,
				1DB6E1F9293F5FAC0044E241 /* Frameworks */,
				1DB6E1FA293F5FAC0044E241 /* Resources */,
			);
			buildRules = (
			);
			dependencies = (
				1DB6E1FE293F5FAC0044E241 /* PBXTargetDependency */,
			);
			name = AudiotecaAudioBooksUITests;
			productName = AudiotecaAudioBooksUITests;
			productReference = 1DB6E1FC293F5FAC0044E241 /* AudiotecaAudioBooksUITests.xctest */;
			productType = "com.apple.product-type.bundle.ui-testing";
		};
/* End PBXNativeTarget section */

/* Begin PBXProject section */
		1DB6E1D4293F5FA90044E241 /* Project object */ = {
			isa = PBXProject;
			attributes = {
				BuildIndependentTargetsInParallel = 1;
				LastSwiftUpdateCheck = 1410;
				LastUpgradeCheck = 1410;
				TargetAttributes = {
					1DB6E1DB293F5FA90044E241 = {
						CreatedOnToolsVersion = 14.1;
					};
					1DB6E1F1293F5FAC0044E241 = {
						CreatedOnToolsVersion = 14.1;
						TestTargetID = 1DB6E1DB293F5FA90044E241;
					};
					1DB6E1FB293F5FAC0044E241 = {
						CreatedOnToolsVersion = 14.1;
						TestTargetID = 1DB6E1DB293F5FA90044E241;
					};
				};
			};
			buildConfigurationList = 1DB6E1D7293F5FA90044E241 /* Build configuration list for PBXProject "AudiotecaAudioBooks" */;
			compatibilityVersion = "Xcode 14.0";
			developmentRegion = en;
			hasScannedForEncodings = 0;
			knownRegions = (
				en,
				Base,
			);
			mainGroup = 1DB6E1D3293F5FA90044E241;
			productRefGroup = 1DB6E1DD293F5FA90044E241 /* Products */;
			projectDirPath = "";
			projectRoot = "";
			targets = (
				1DB6E1DB293F5FA90044E241 /* AudiotecaAudioBooks */,
				1DB6E1F1293F5FAC0044E241 /* AudiotecaAudioBooksTests */,
				1DB6E1FB293F5FAC0044E241 /* AudiotecaAudioBooksUITests */,
			);
		};
/* End PBXProject section */

/* Begin PBXResourcesBuildPhase section */
		1DB6E1DA293F5FA90044E241 /* Resources */ = {
			isa = PBXResourcesBuildPhase;
			buildActionMask = 2147483647;
			files = (
				1DB6E1EC293F5FAB0044E241 /* LaunchScreen.storyboard in Resources */,
				1DB6E1E9293F5FAB0044E241 /* Assets.xcassets in Resources */,
				1D413CB6293F9DDB005FB7AD /* Ways.geojson in Resources */,
			);
			runOnlyForDeploymentPostprocessing = 0;
		};
		1DB6E1F0293F5FAC0044E241 /* Resources */ = {
			isa = PBXResourcesBuildPhase;
			buildActionMask = 2147483647;
			files = (
			);
			runOnlyForDeploymentPostprocessing = 0;
		};
		1DB6E1FA293F5FAC0044E241 /* Resources */ = {
			isa = PBXResourcesBuildPhase;
			buildActionMask = 2147483647;
			files = (
			);
			runOnlyForDeploymentPostprocessing = 0;
		};
/* End PBXResourcesBuildPhase section */

/* Begin PBXSourcesBuildPhase section */
		1DB6E1D8293F5FA90044E241 /* Sources */ = {
			isa = PBXSourcesBuildPhase;
			buildActionMask = 2147483647;
			files = (
				1D413CB2293F9D86005FB7AD /* Network.swift in Sources */,
				1D413C9B293F8D6C005FB7AD /* Constraints.swift in Sources */,
				1D413CA0293F8F21005FB7AD /* RemoveLast.swift in Sources */,
				1D413CB9293F9E40005FB7AD /* Way.swift in Sources */,
				1DB6E1E4293F5FA90044E241 /* MainMenuViewController.swift in Sources */,
				1D413CA6293F9059005FB7AD /* Create.swift in Sources */,
				1D413CA8293F906D005FB7AD /* NavigationController.swift in Sources */,
				1DB6E1E0293F5FA90044E241 /* AppDelegate.swift in Sources */,
				1D413CBB293F9F60005FB7AD /* ImageView.swift in Sources */,
				1DB6E1E2293F5FA90044E241 /* SceneDelegate.swift in Sources */,
				1D413CA3293F8FE8005FB7AD /* Setup.swift in Sources */,
				1D413CAF293F9914005FB7AD /* MainMenuCollectionViewCell.swift in Sources */,
				1D413CB4293F9D94005FB7AD /* EndPoints.swift in Sources */,
				1D413CAA293F90AA005FB7AD /* Label.swift in Sources */,
				1D413CAD293F9614005FB7AD /* CollectionView.swift in Sources */,
				1D413C9D293F8E64005FB7AD /* Hierarchy.swift in Sources */,
			);
			runOnlyForDeploymentPostprocessing = 0;
		};
		1DB6E1EE293F5FAC0044E241 /* Sources */ = {
			isa = PBXSourcesBuildPhase;
			buildActionMask = 2147483647;
			files = (
				1DB6E1F7293F5FAC0044E241 /* AudiotecaAudioBooksTests.swift in Sources */,
			);
			runOnlyForDeploymentPostprocessing = 0;
		};
		1DB6E1F8293F5FAC0044E241 /* Sources */ = {
			isa = PBXSourcesBuildPhase;
			buildActionMask = 2147483647;
			files = (
				1DB6E203293F5FAC0044E241 /* AudiotecaAudioBooksUITestsLaunchTests.swift in Sources */,
				1DB6E201293F5FAC0044E241 /* AudiotecaAudioBooksUITests.swift in Sources */,
			);
			runOnlyForDeploymentPostprocessing = 0;
		};
/* End PBXSourcesBuildPhase section */

/* Begin PBXTargetDependency section */
		1DB6E1F4293F5FAC0044E241 /* PBXTargetDependency */ = {
			isa = PBXTargetDependency;
			target = 1DB6E1DB293F5FA90044E241 /* AudiotecaAudioBooks */;
			targetProxy = 1DB6E1F3293F5FAC0044E241 /* PBXContainerItemProxy */;
		};
		1DB6E1FE293F5FAC0044E241 /* PBXTargetDependency */ = {
			isa = PBXTargetDependency;
			target = 1DB6E1DB293F5FA90044E241 /* AudiotecaAudioBooks */;
			targetProxy = 1DB6E1FD293F5FAC0044E241 /* PBXContainerItemProxy */;
		};
/* End PBXTargetDependency section */

/* Begin PBXVariantGroup section */
		1DB6E1EA293F5FAB0044E241 /* LaunchScreen.storyboard */ = {
			isa = PBXVariantGroup;
			children = (
				1DB6E1EB293F5FAB0044E241 /* Base */,
			);
			name = LaunchScreen.storyboard;
			sourceTree = "<group>";
		};
/* End PBXVariantGroup section */

/* Begin XCBuildConfiguration section */
		1DB6E204293F5FAC0044E241 /* Debug */ = {
			isa = XCBuildConfiguration;
			buildSettings = {
				ALWAYS_SEARCH_USER_PATHS = NO;
				CLANG_ANALYZER_NONNULL = YES;
				CLANG_ANALYZER_NUMBER_OBJECT_CONVERSION = YES_AGGRESSIVE;
				CLANG_CXX_LANGUAGE_STANDARD = "gnu++20";
				CLANG_ENABLE_MODULES = YES;
				CLANG_ENABLE_OBJC_ARC = YES;
				CLANG_ENABLE_OBJC_WEAK = YES;
				CLANG_WARN_BLOCK_CAPTURE_AUTORELEASING = YES;
				CLANG_WARN_BOOL_CONVERSION = YES;
				CLANG_WARN_COMMA = YES;
				CLANG_WARN_CONSTANT_CONVERSION = YES;
				CLANG_WARN_DEPRECATED_OBJC_IMPLEMENTATIONS = YES;
				CLANG_WARN_DIRECT_OBJC_ISA_USAGE = YES_ERROR;
				CLANG_WARN_DOCUMENTATION_COMMENTS = YES;
				CLANG_WARN_EMPTY_BODY = YES;
				CLANG_WARN_ENUM_CONVERSION = YES;
				CLANG_WARN_INFINITE_RECURSION = YES;
				CLANG_WARN_INT_CONVERSION = YES;
				CLANG_WARN_NON_LITERAL_NULL_CONVERSION = YES;
				CLANG_WARN_OBJC_IMPLICIT_RETAIN_SELF = YES;
				CLANG_WARN_OBJC_LITERAL_CONVERSION = YES;
				CLANG_WARN_OBJC_ROOT_CLASS = YES_ERROR;
				CLANG_WARN_QUOTED_INCLUDE_IN_FRAMEWORK_HEADER = YES;
				CLANG_WARN_RANGE_LOOP_ANALYSIS = YES;
				CLANG_WARN_STRICT_PROTOTYPES = YES;
				CLANG_WARN_SUSPICIOUS_MOVE = YES;
				CLANG_WARN_UNGUARDED_AVAILABILITY = YES_AGGRESSIVE;
				CLANG_WARN_UNREACHABLE_CODE = YES;
				CLANG_WARN__DUPLICATE_METHOD_MATCH = YES;
				COPY_PHASE_STRIP = NO;
				DEBUG_INFORMATION_FORMAT = dwarf;
				ENABLE_STRICT_OBJC_MSGSEND = YES;
				ENABLE_TESTABILITY = YES;
				GCC_C_LANGUAGE_STANDARD = gnu11;
				GCC_DYNAMIC_NO_PIC = NO;
				GCC_NO_COMMON_BLOCKS = YES;
				GCC_OPTIMIZATION_LEVEL = 0;
				GCC_PREPROCESSOR_DEFINITIONS = (
					"DEBUG=1",
					"$(inherited)",
				);
				GCC_WARN_64_TO_32_BIT_CONVERSION = YES;
				GCC_WARN_ABOUT_RETURN_TYPE = YES_ERROR;
				GCC_WARN_UNDECLARED_SELECTOR = YES;
				GCC_WARN_UNINITIALIZED_AUTOS = YES_AGGRESSIVE;
				GCC_WARN_UNUSED_FUNCTION = YES;
				GCC_WARN_UNUSED_VARIABLE = YES;
				IPHONEOS_DEPLOYMENT_TARGET = 16.1;
				MTL_ENABLE_DEBUG_INFO = INCLUDE_SOURCE;
				MTL_FAST_MATH = YES;
				ONLY_ACTIVE_ARCH = YES;
				SDKROOT = iphoneos;
				SWIFT_ACTIVE_COMPILATION_CONDITIONS = DEBUG;
				SWIFT_OPTIMIZATION_LEVEL = "-Onone";
			};
			name = Debug;
		};
		1DB6E205293F5FAC0044E241 /* Release */ = {
			isa = XCBuildConfiguration;
			buildSettings = {
				ALWAYS_SEARCH_USER_PATHS = NO;
				CLANG_ANALYZER_NONNULL = YES;
				CLANG_ANALYZER_NUMBER_OBJECT_CONVERSION = YES_AGGRESSIVE;
				CLANG_CXX_LANGUAGE_STANDARD = "gnu++20";
				CLANG_ENABLE_MODULES = YES;
				CLANG_ENABLE_OBJC_ARC = YES;
				CLANG_ENABLE_OBJC_WEAK = YES;
				CLANG_WARN_BLOCK_CAPTURE_AUTORELEASING = YES;
				CLANG_WARN_BOOL_CONVERSION = YES;
				CLANG_WARN_COMMA = YES;
				CLANG_WARN_CONSTANT_CONVERSION = YES;
				CLANG_WARN_DEPRECATED_OBJC_IMPLEMENTATIONS = YES;
				CLANG_WARN_DIRECT_OBJC_ISA_USAGE = YES_ERROR;
				CLANG_WARN_DOCUMENTATION_COMMENTS = YES;
				CLANG_WARN_EMPTY_BODY = YES;
				CLANG_WARN_ENUM_CONVERSION = YES;
				CLANG_WARN_INFINITE_RECURSION = YES;
				CLANG_WARN_INT_CONVERSION = YES;
				CLANG_WARN_NON_LITERAL_NULL_CONVERSION = YES;
				CLANG_WARN_OBJC_IMPLICIT_RETAIN_SELF = YES;
				CLANG_WARN_OBJC_LITERAL_CONVERSION = YES;
				CLANG_WARN_OBJC_ROOT_CLASS = YES_ERROR;
				CLANG_WARN_QUOTED_INCLUDE_IN_FRAMEWORK_HEADER = YES;
				CLANG_WARN_RANGE_LOOP_ANALYSIS = YES;
				CLANG_WARN_STRICT_PROTOTYPES = YES;
				CLANG_WARN_SUSPICIOUS_MOVE = YES;
				CLANG_WARN_UNGUARDED_AVAILABILITY = YES_AGGRESSIVE;
				CLANG_WARN_UNREACHABLE_CODE = YES;
				CLANG_WARN__DUPLICATE_METHOD_MATCH = YES;
				COPY_PHASE_STRIP = NO;
				DEBUG_INFORMATION_FORMAT = "dwarf-with-dsym";
				ENABLE_NS_ASSERTIONS = NO;
				ENABLE_STRICT_OBJC_MSGSEND = YES;
				GCC_C_LANGUAGE_STANDARD = gnu11;
				GCC_NO_COMMON_BLOCKS = YES;
				GCC_WARN_64_TO_32_BIT_CONVERSION = YES;
				GCC_WARN_ABOUT_RETURN_TYPE = YES_ERROR;
				GCC_WARN_UNDECLARED_SELECTOR = YES;
				GCC_WARN_UNINITIALIZED_AUTOS = YES_AGGRESSIVE;
				GCC_WARN_UNUSED_FUNCTION = YES;
				GCC_WARN_UNUSED_VARIABLE = YES;
				IPHONEOS_DEPLOYMENT_TARGET = 16.1;
				MTL_ENABLE_DEBUG_INFO = NO;
				MTL_FAST_MATH = YES;
				SDKROOT = iphoneos;
				SWIFT_COMPILATION_MODE = wholemodule;
				SWIFT_OPTIMIZATION_LEVEL = "-O";
				VALIDATE_PRODUCT = YES;
			};
			name = Release;
		};
		1DB6E207293F5FAC0044E241 /* Debug */ = {
			isa = XCBuildConfiguration;
			buildSettings = {
				ASSETCATALOG_COMPILER_APPICON_NAME = AppIcon;
				ASSETCATALOG_COMPILER_GLOBAL_ACCENT_COLOR_NAME = AccentColor;
				CODE_SIGN_STYLE = Automatic;
				CURRENT_PROJECT_VERSION = 1;
				GENERATE_INFOPLIST_FILE = YES;
				INFOPLIST_FILE = AudiotecaAudioBooks/Info.plist;
				INFOPLIST_KEY_UIApplicationSupportsIndirectInputEvents = YES;
				INFOPLIST_KEY_UILaunchStoryboardName = LaunchScreen;
				INFOPLIST_KEY_UIMainStoryboardFile = "";
				INFOPLIST_KEY_UISupportedInterfaceOrientations_iPad = "UIInterfaceOrientationPortrait UIInterfaceOrientationPortraitUpsideDown UIInterfaceOrientationLandscapeLeft UIInterfaceOrientationLandscapeRight";
				INFOPLIST_KEY_UISupportedInterfaceOrientations_iPhone = "UIInterfaceOrientationPortrait UIInterfaceOrientationLandscapeLeft UIInterfaceOrientationLandscapeRight";
				LD_RUNPATH_SEARCH_PATHS = (
					"$(inherited)",
					"@executable_path/Frameworks",
				);
				MARKETING_VERSION = 1.0;
				PRODUCT_BUNDLE_IDENTIFIER = "-sys.AudiotecaAudioBooks";
				PRODUCT_NAME = "$(TARGET_NAME)";
				SWIFT_EMIT_LOC_STRINGS = YES;
				SWIFT_VERSION = 5.0;
				TARGETED_DEVICE_FAMILY = "1,2";
			};
			name = Debug;
		};
		1DB6E208293F5FAC0044E241 /* Release */ = {
			isa = XCBuildConfiguration;
			buildSettings = {
				ASSETCATALOG_COMPILER_APPICON_NAME = AppIcon;
				ASSETCATALOG_COMPILER_GLOBAL_ACCENT_COLOR_NAME = AccentColor;
				CODE_SIGN_STYLE = Automatic;
				CURRENT_PROJECT_VERSION = 1;
				GENERATE_INFOPLIST_FILE = YES;
				INFOPLIST_FILE = AudiotecaAudioBooks/Info.plist;
				INFOPLIST_KEY_UIApplicationSupportsIndirectInputEvents = YES;
				INFOPLIST_KEY_UILaunchStoryboardName = LaunchScreen;
				INFOPLIST_KEY_UIMainStoryboardFile = "";
				INFOPLIST_KEY_UISupportedInterfaceOrientations_iPad = "UIInterfaceOrientationPortrait UIInterfaceOrientationPortraitUpsideDown UIInterfaceOrientationLandscapeLeft UIInterfaceOrientationLandscapeRight";
				INFOPLIST_KEY_UISupportedInterfaceOrientations_iPhone = "UIInterfaceOrientationPortrait UIInterfaceOrientationLandscapeLeft UIInterfaceOrientationLandscapeRight";
				LD_RUNPATH_SEARCH_PATHS = (
					"$(inherited)",
					"@executable_path/Frameworks",
				);
				MARKETING_VERSION = 1.0;
				PRODUCT_BUNDLE_IDENTIFIER = "-sys.AudiotecaAudioBooks";
				PRODUCT_NAME = "$(TARGET_NAME)";
				SWIFT_EMIT_LOC_STRINGS = YES;
				SWIFT_VERSION = 5.0;
				TARGETED_DEVICE_FAMILY = "1,2";
			};
			name = Release;
		};
		1DB6E20A293F5FAC0044E241 /* Debug */ = {
			isa = XCBuildConfiguration;
			buildSettings = {
				ALWAYS_EMBED_SWIFT_STANDARD_LIBRARIES = YES;
				BUNDLE_LOADER = "$(TEST_HOST)";
				CODE_SIGN_STYLE = Automatic;
				CURRENT_PROJECT_VERSION = 1;
				GENERATE_INFOPLIST_FILE = YES;
				IPHONEOS_DEPLOYMENT_TARGET = 16.1;
				MARKETING_VERSION = 1.0;
				PRODUCT_BUNDLE_IDENTIFIER = "-sys.AudiotecaAudioBooksTests";
				PRODUCT_NAME = "$(TARGET_NAME)";
				SWIFT_EMIT_LOC_STRINGS = NO;
				SWIFT_VERSION = 5.0;
				TARGETED_DEVICE_FAMILY = "1,2";
				TEST_HOST = "$(BUILT_PRODUCTS_DIR)/AudiotecaAudioBooks.app/$(BUNDLE_EXECUTABLE_FOLDER_PATH)/AudiotecaAudioBooks";
			};
			name = Debug;
		};
		1DB6E20B293F5FAC0044E241 /* Release */ = {
			isa = XCBuildConfiguration;
			buildSettings = {
				ALWAYS_EMBED_SWIFT_STANDARD_LIBRARIES = YES;
				BUNDLE_LOADER = "$(TEST_HOST)";
				CODE_SIGN_STYLE = Automatic;
				CURRENT_PROJECT_VERSION = 1;
				GENERATE_INFOPLIST_FILE = YES;
				IPHONEOS_DEPLOYMENT_TARGET = 16.1;
				MARKETING_VERSION = 1.0;
				PRODUCT_BUNDLE_IDENTIFIER = "-sys.AudiotecaAudioBooksTests";
				PRODUCT_NAME = "$(TARGET_NAME)";
				SWIFT_EMIT_LOC_STRINGS = NO;
				SWIFT_VERSION = 5.0;
				TARGETED_DEVICE_FAMILY = "1,2";
				TEST_HOST = "$(BUILT_PRODUCTS_DIR)/AudiotecaAudioBooks.app/$(BUNDLE_EXECUTABLE_FOLDER_PATH)/AudiotecaAudioBooks";
			};
			name = Release;
		};
		1DB6E20D293F5FAC0044E241 /* Debug */ = {
			isa = XCBuildConfiguration;
			buildSettings = {
				ALWAYS_EMBED_SWIFT_STANDARD_LIBRARIES = YES;
				CODE_SIGN_STYLE = Automatic;
				CURRENT_PROJECT_VERSION = 1;
				GENERATE_INFOPLIST_FILE = YES;
				MARKETING_VERSION = 1.0;
				PRODUCT_BUNDLE_IDENTIFIER = "-sys.AudiotecaAudioBooksUITests";
				PRODUCT_NAME = "$(TARGET_NAME)";
				SWIFT_EMIT_LOC_STRINGS = NO;
				SWIFT_VERSION = 5.0;
				TARGETED_DEVICE_FAMILY = "1,2";
				TEST_TARGET_NAME = AudiotecaAudioBooks;
			};
			name = Debug;
		};
		1DB6E20E293F5FAC0044E241 /* Release */ = {
			isa = XCBuildConfiguration;
			buildSettings = {
				ALWAYS_EMBED_SWIFT_STANDARD_LIBRARIES = YES;
				CODE_SIGN_STYLE = Automatic;
				CURRENT_PROJECT_VERSION = 1;
				GENERATE_INFOPLIST_FILE = YES;
				MARKETING_VERSION = 1.0;
				PRODUCT_BUNDLE_IDENTIFIER = "-sys.AudiotecaAudioBooksUITests";
				PRODUCT_NAME = "$(TARGET_NAME)";
				SWIFT_EMIT_LOC_STRINGS = NO;
				SWIFT_VERSION = 5.0;
				TARGETED_DEVICE_FAMILY = "1,2";
				TEST_TARGET_NAME = AudiotecaAudioBooks;
			};
			name = Release;
		};
/* End XCBuildConfiguration section */

/* Begin XCConfigurationList section */
		1DB6E1D7293F5FA90044E241 /* Build configuration list for PBXProject "AudiotecaAudioBooks" */ = {
			isa = XCConfigurationList;
			buildConfigurations = (
				1DB6E204293F5FAC0044E241 /* Debug */,
				1DB6E205293F5FAC0044E241 /* Release */,
			);
			defaultConfigurationIsVisible = 0;
			defaultConfigurationName = Release;
		};
		1DB6E206293F5FAC0044E241 /* Build configuration list for PBXNativeTarget "AudiotecaAudioBooks" */ = {
			isa = XCConfigurationList;
			buildConfigurations = (
				1DB6E207293F5FAC0044E241 /* Debug */,
				1DB6E208293F5FAC0044E241 /* Release */,
			);
			defaultConfigurationIsVisible = 0;
			defaultConfigurationName = Release;
		};
		1DB6E209293F5FAC0044E241 /* Build configuration list for PBXNativeTarget "AudiotecaAudioBooksTests" */ = {
			isa = XCConfigurationList;
			buildConfigurations = (
				1DB6E20A293F5FAC0044E241 /* Debug */,
				1DB6E20B293F5FAC0044E241 /* Release */,
			);
			defaultConfigurationIsVisible = 0;
			defaultConfigurationName = Release;
		};
		1DB6E20C293F5FAC0044E241 /* Build configuration list for PBXNativeTarget "AudiotecaAudioBooksUITests" */ = {
			isa = XCConfigurationList;
			buildConfigurations = (
				1DB6E20D293F5FAC0044E241 /* Debug */,
				1DB6E20E293F5FAC0044E241 /* Release */,
			);
			defaultConfigurationIsVisible = 0;
			defaultConfigurationName = Release;
		};
/* End XCConfigurationList section */
	};
	rootObject = 1DB6E1D4293F5FA90044E241 /* Project object */;
}
